
Microsoft Visual Studio Solution File, Format Version 12.00
# Visual Studio Version 16
VisualStudioVersion = 16.0.31515.178
MinimumVisualStudioVersion = 10.0.40219.1
Project("{FAE04EC0-301F-11D3-BF4B-00C04F79EFBC}") = "delegates4", "delegates4\delegates4.csproj", "{A15EC96C-08EF-4C08-8C49-BC1DF842FB94}"
EndProject
Global
	GlobalSection(SolutionConfigurationPlatforms) = preSolution
		Debug|Any CPU = Debug|Any CPU
		Release|Any CPU = Release|Any CPU
	EndGlobalSection
	GlobalSection(ProjectConfigurationPlatforms) = postSolution
		{A15EC96C-08EF-4C08-8C49-BC1DF842FB94}.Debug|Any CPU.ActiveCfg = Debug|Any CPU
		{A15EC96C-08EF-4C08-8C49-BC1DF842FB94}.Debug|Any CPU.Build.0 = Debug|Any CPU
		{A15EC96C-08EF-4C08-8C49-BC1DF842FB94}.Release|Any CPU.ActiveCfg = Release|Any CPU
		{A15EC96C-08EF-4C08-8C49-BC1DF842FB94}.Release|Any CPU.Build.0 = Release|Any CPU
	EndGlobalSection
	GlobalSection(SolutionProperties) = preSolution
		HideSolutionNode = FALSE
	EndGlobalSection
	GlobalSection(ExtensibilityGlobals) = postSolution
		SolutionGuid = {CEFAAC01-0AE1-4F00-83FB-31348B7DE5B4}
	EndGlobalSection
EndGlobal
