
Microsoft Visual Studio Solution File, Format Version 12.00
# Visual Studio Version 16
VisualStudioVersion = 16.0.31515.178
MinimumVisualStudioVersion = 10.0.40219.1
Project("{FAE04EC0-301F-11D3-BF4B-00C04F79EFBC}") = "Es5 classi statiche", "Es5 classi statiche\Es5 classi statiche.csproj", "{49CE2E2B-8E20-49A1-AAE2-6BEC434D7ED2}"
EndProject
Global
	GlobalSection(SolutionConfigurationPlatforms) = preSolution
		Debug|Any CPU = Debug|Any CPU
		Release|Any CPU = Release|Any CPU
	EndGlobalSection
	GlobalSection(ProjectConfigurationPlatforms) = postSolution
		{49CE2E2B-8E20-49A1-AAE2-6BEC434D7ED2}.Debug|Any CPU.ActiveCfg = Debug|Any CPU
		{49CE2E2B-8E20-49A1-AAE2-6BEC434D7ED2}.Debug|Any CPU.Build.0 = Debug|Any CPU
		{49CE2E2B-8E20-49A1-AAE2-6BEC434D7ED2}.Release|Any CPU.ActiveCfg = Release|Any CPU
		{49CE2E2B-8E20-49A1-AAE2-6BEC434D7ED2}.Release|Any CPU.Build.0 = Release|Any CPU
	EndGlobalSection
	GlobalSection(SolutionProperties) = preSolution
		HideSolutionNode = FALSE
	EndGlobalSection
	GlobalSection(ExtensibilityGlobals) = postSolution
		SolutionGuid = {6C8E3154-B0FA-4C97-834F-BD15E17A6D9C}
	EndGlobalSection
EndGlobal
