
Microsoft Visual Studio Solution File, Format Version 12.00
# Visual Studio Version 16
VisualStudioVersion = 16.0.31515.178
MinimumVisualStudioVersion = 10.0.40219.1
Project("{FAE04EC0-301F-11D3-BF4B-00C04F79EFBC}") = "esercizio1", "esercizio1.csproj", "{FA4712D2-95DC-4131-8C03-2F9B9590CB7D}"
EndProject
Global
	GlobalSection(SolutionConfigurationPlatforms) = preSolution
		Debug|Any CPU = Debug|Any CPU
		Release|Any CPU = Release|Any CPU
	EndGlobalSection
	GlobalSection(ProjectConfigurationPlatforms) = postSolution
		{FA4712D2-95DC-4131-8C03-2F9B9590CB7D}.Debug|Any CPU.ActiveCfg = Debug|Any CPU
		{FA4712D2-95DC-4131-8C03-2F9B9590CB7D}.Debug|Any CPU.Build.0 = Debug|Any CPU
		{FA4712D2-95DC-4131-8C03-2F9B9590CB7D}.Release|Any CPU.ActiveCfg = Release|Any CPU
		{FA4712D2-95DC-4131-8C03-2F9B9590CB7D}.Release|Any CPU.Build.0 = Release|Any CPU
	EndGlobalSection
	GlobalSection(SolutionProperties) = preSolution
		HideSolutionNode = FALSE
	EndGlobalSection
	GlobalSection(ExtensibilityGlobals) = postSolution
		SolutionGuid = {F56C3FC5-8A98-4C83-903D-621CE9B66E01}
	EndGlobalSection
EndGlobal
